
Microsoft Visual Studio Solution File, Format Version 12.00
# Visual Studio Version 17
VisualStudioVersion = 17.6.33829.357
MinimumVisualStudioVersion = 10.0.40219.1
Project("{FAE04EC0-301F-11D3-BF4B-00C04F79EFBC}") = "KeyDownAlert", "KeyDownAlert\KeyDownAlert.csproj", "{C12CE6C3-3F52-4316-94D4-EB6007DF577F}"
EndProject
Global
	GlobalSection(SolutionConfigurationPlatforms) = preSolution
		Debug|Any CPU = Debug|Any CPU
		Release|Any CPU = Release|Any CPU
	EndGlobalSection
	GlobalSection(ProjectConfigurationPlatforms) = postSolution
		{C12CE6C3-3F52-4316-94D4-EB6007DF577F}.Debug|Any CPU.ActiveCfg = Debug|Any CPU
		{C12CE6C3-3F52-4316-94D4-EB6007DF577F}.Debug|Any CPU.Build.0 = Debug|Any CPU
		{C12CE6C3-3F52-4316-94D4-EB6007DF577F}.Release|Any CPU.ActiveCfg = Release|Any CPU
		{C12CE6C3-3F52-4316-94D4-EB6007DF577F}.Release|Any CPU.Build.0 = Release|Any CPU
	EndGlobalSection
	GlobalSection(SolutionProperties) = preSolution
		HideSolutionNode = FALSE
	EndGlobalSection
	GlobalSection(ExtensibilityGlobals) = postSolution
		SolutionGuid = {C72D7A7E-3ABE-4611-9F9E-D1347271AE79}
	EndGlobalSection
EndGlobal
